
Microsoft Visual Studio Solution File, Format Version 12.00
# Visual Studio Version 17
VisualStudioVersion = 17.0.32112.339
MinimumVisualStudioVersion = 10.0.40219.1
Project("{9A19103F-16F7-4668-BE54-9A1E7A4F7556}") = "Application.CommandLine", "Application.CommandLine\Application.CommandLine.csproj", "{28893D10-CC66-4132-8178-424306F5F98C}"
EndProject
Project("{FAE04EC0-301F-11D3-BF4B-00C04F79EFBC}") = "DomainLayer.BusinessLogic", "DomainLayer.BusinessLogic\DomainLayer.BusinessLogic.csproj", "{8D4ACA85-EA07-41FD-86AA-C6A90DF87E3A}"
EndProject
Global
	GlobalSection(SolutionConfigurationPlatforms) = preSolution
		Debug|Any CPU = Debug|Any CPU
		Release|Any CPU = Release|Any CPU
	EndGlobalSection
	GlobalSection(ProjectConfigurationPlatforms) = postSolution
		{28893D10-CC66-4132-8178-424306F5F98C}.Debug|Any CPU.ActiveCfg = Debug|Any CPU
		{28893D10-CC66-4132-8178-424306F5F98C}.Debug|Any CPU.Build.0 = Debug|Any CPU
		{28893D10-CC66-4132-8178-424306F5F98C}.Release|Any CPU.ActiveCfg = Release|Any CPU
		{28893D10-CC66-4132-8178-424306F5F98C}.Release|Any CPU.Build.0 = Release|Any CPU
		{8D4ACA85-EA07-41FD-86AA-C6A90DF87E3A}.Debug|Any CPU.ActiveCfg = Debug|Any CPU
		{8D4ACA85-EA07-41FD-86AA-C6A90DF87E3A}.Debug|Any CPU.Build.0 = Debug|Any CPU
		{8D4ACA85-EA07-41FD-86AA-C6A90DF87E3A}.Release|Any CPU.ActiveCfg = Release|Any CPU
		{8D4ACA85-EA07-41FD-86AA-C6A90DF87E3A}.Release|Any CPU.Build.0 = Release|Any CPU
	EndGlobalSection
	GlobalSection(SolutionProperties) = preSolution
		HideSolutionNode = FALSE
	EndGlobalSection
	GlobalSection(ExtensibilityGlobals) = postSolution
		SolutionGuid = {850146B9-9900-441E-9DD6-E6EFAF3D6D3A}
	EndGlobalSection
EndGlobal
